// !$*UTF8*$!
{
	archiveVersion = 1;
	classes = {
	};
	objectVersion = 50;
	objects = {

/* Begin PBXBuildFile section */
		6E79A1A2265805CD00466434 /* AppDelegate.swift in Sources */ = {isa = PBXBuildFile; fileRef = 6E79A1A1265805CD00466434 /* AppDelegate.swift */; };
		6E79A1A4265805CD00466434 /* SceneDelegate.swift in Sources */ = {isa = PBXBuildFile; fileRef = 6E79A1A3265805CD00466434 /* SceneDelegate.swift */; };
		6E79A1A6265805CD00466434 /* ViewController.swift in Sources */ = {isa = PBXBuildFile; fileRef = 6E79A1A5265805CD00466434 /* ViewController.swift */; };
		6E79A1A9265805CD00466434 /* Main.storyboard in Resources */ = {isa = PBXBuildFile; fileRef = 6E79A1A7265805CD00466434 /* Main.storyboard */; };
		6E79A1AB265805CF00466434 /* Assets.xcassets in Resources */ = {isa = PBXBuildFile; fileRef = 6E79A1AA265805CF00466434 /* Assets.xcassets */; };
		6E79A1AE265805CF00466434 /* LaunchScreen.storyboard in Resources */ = {isa = PBXBuildFile; fileRef = 6E79A1AC265805CF00466434 /* LaunchScreen.storyboard */; };
		6E79A1B9265805CF00466434 /* app_swooshTests.swift in Sources */ = {isa = PBXBuildFile; fileRef = 6E79A1B8265805CF00466434 /* app_swooshTests.swift */; };
		6E79A1C4265805CF00466434 /* app_swooshUITests.swift in Sources */ = {isa = PBXBuildFile; fileRef = 6E79A1C3265805CF00466434 /* app_swooshUITests.swift */; };
/* End PBXBuildFile section */

/* Begin PBXContainerItemProxy section */
		6E79A1B5265805CF00466434 /* PBXContainerItemProxy */ = {
			isa = PBXContainerItemProxy;
			containerPortal = 6E79A196265805CD00466434 /* Project object */;
			proxyType = 1;
			remoteGlobalIDString = 6E79A19D265805CD00466434;
			remoteInfo = "app-swoosh";
		};
		6E79A1C0265805CF00466434 /* PBXContainerItemProxy */ = {
			isa = PBXContainerItemProxy;
			containerPortal = 6E79A196265805CD00466434 /* Project object */;
			proxyType = 1;
			remoteGlobalIDString = 6E79A19D265805CD00466434;
			remoteInfo = "app-swoosh";
		};
/* End PBXContainerItemProxy section */

/* Begin PBXFileReference section */
		6E79A19E265805CD00466434 /* app-swoosh.app */ = {isa = PBXFileReference; explicitFileType = wrapper.application; includeInIndex = 0; path = "app-swoosh.app"; sourceTree = BUILT_PRODUCTS_DIR; };
		6E79A1A1265805CD00466434 /* AppDelegate.swift */ = {isa = PBXFileReference; lastKnownFileType = sourcecode.swift; path = AppDelegate.swift; sourceTree = "<group>"; };
		6E79A1A3265805CD00466434 /* SceneDelegate.swift */ = {isa = PBXFileReference; lastKnownFileType = sourcecode.swift; path = SceneDelegate.swift; sourceTree = "<group>"; };
		6E79A1A5265805CD00466434 /* ViewController.swift */ = {isa = PBXFileReference; lastKnownFileType = sourcecode.swift; path = ViewController.swift; sourceTree = "<group>"; };
		6E79A1A8265805CD00466434 /* Base */ = {isa = PBXFileReference; lastKnownFileType = file.storyboard; name = Base; path = Base.lproj/Main.storyboard; sourceTree = "<group>"; };
		6E79A1AA265805CF00466434 /* Assets.xcassets */ = {isa = PBXFileReference; lastKnownFileType = folder.assetcatalog; path = Assets.xcassets; sourceTree = "<group>"; };
		6E79A1AD265805CF00466434 /* Base */ = {isa = PBXFileReference; lastKnownFileType = file.storyboard; name = Base; path = Base.lproj/LaunchScreen.storyboard; sourceTree = "<group>"; };
		6E79A1AF265805CF00466434 /* Info.plist */ = {isa = PBXFileReference; lastKnownFileType = text.plist.xml; path = Info.plist; sourceTree = "<group>"; };
		6E79A1B4265805CF00466434 /* app-swooshTests.xctest */ = {isa = PBXFileReference; explicitFileType = wrapper.cfbundle; includeInIndex = 0; path = "app-swooshTests.xctest"; sourceTree = BUILT_PRODUCTS_DIR; };
		6E79A1B8265805CF00466434 /* app_swooshTests.swift */ = {isa = PBXFileReference; lastKnownFileType = sourcecode.swift; path = app_swooshTests.swift; sourceTree = "<group>"; };
		6E79A1BA265805CF00466434 /* Info.plist */ = {isa = PBXFileReference; lastKnownFileType = text.plist.xml; path = Info.plist; sourceTree = "<group>"; };
		6E79A1BF265805CF00466434 /* app-swooshUITests.xctest */ = {isa = PBXFileReference; explicitFileType = wrapper.cfbundle; includeInIndex = 0; path = "app-swooshUITests.xctest"; sourceTree = BUILT_PRODUCTS_DIR; };
		6E79A1C3265805CF00466434 /* app_swooshUITests.swift */ = {isa = PBXFileReference; lastKnownFileType = sourcecode.swift; path = app_swooshUITests.swift; sourceTree = "<group>"; };
		6E79A1C5265805CF00466434 /* Info.plist */ = {isa = PBXFileReference; lastKnownFileType = text.plist.xml; path = Info.plist; sourceTree = "<group>"; };
/* End PBXFileReference section */

/* Begin PBXFrameworksBuildPhase section */
		6E79A19B265805CD00466434 /* Frameworks */ = {
			isa = PBXFrameworksBuildPhase;
			buildActionMask = 2147483647;
			files = (
			);
			runOnlyForDeploymentPostprocessing = 0;
		};
		6E79A1B1265805CF00466434 /* Frameworks */ = {
			isa = PBXFrameworksBuildPhase;
			buildActionMask = 2147483647;
			files = (
			);
			runOnlyForDeploymentPostprocessing = 0;
		};
		6E79A1BC265805CF00466434 /* Frameworks */ = {
			isa = PBXFrameworksBuildPhase;
			buildActionMask = 2147483647;
			files = (
			);
			runOnlyForDeploymentPostprocessing = 0;
		};
/* End PBXFrameworksBuildPhase section */

/* Begin PBXGroup section */
		6E79A195265805CD00466434 = {
			isa = PBXGroup;
			children = (
				6E79A1A0265805CD00466434 /* app-swoosh */,
				6E79A1B7265805CF00466434 /* app-swooshTests */,
				6E79A1C2265805CF00466434 /* app-swooshUITests */,
				6E79A19F265805CD00466434 /* Products */,
			);
			sourceTree = "<group>";
		};
		6E79A19F265805CD00466434 /* Products */ = {
			isa = PBXGroup;
			children = (
				6E79A19E265805CD00466434 /* app-swoosh.app */,
				6E79A1B4265805CF00466434 /* app-swooshTests.xctest */,
				6E79A1BF265805CF00466434 /* app-swooshUITests.xctest */,
			);
			name = Products;
			sourceTree = "<group>";
		};
		6E79A1A0265805CD00466434 /* app-swoosh */ = {
			isa = PBXGroup;
			children = (
				6E79A1A1265805CD00466434 /* AppDelegate.swift */,
				6E79A1A3265805CD00466434 /* SceneDelegate.swift */,
				6E79A1A5265805CD00466434 /* ViewController.swift */,
				6E79A1A7265805CD00466434 /* Main.storyboard */,
				6E79A1AA265805CF00466434 /* Assets.xcassets */,
				6E79A1AC265805CF00466434 /* LaunchScreen.storyboard */,
				6E79A1AF265805CF00466434 /* Info.plist */,
			);
			path = "app-swoosh";
			sourceTree = "<group>";
		};
		6E79A1B7265805CF00466434 /* app-swooshTests */ = {
			isa = PBXGroup;
			children = (
				6E79A1B8265805CF00466434 /* app_swooshTests.swift */,
				6E79A1BA265805CF00466434 /* Info.plist */,
			);
			path = "app-swooshTests";
			sourceTree = "<group>";
		};
		6E79A1C2265805CF00466434 /* app-swooshUITests */ = {
			isa = PBXGroup;
			children = (
				6E79A1C3265805CF00466434 /* app_swooshUITests.swift */,
				6E79A1C5265805CF00466434 /* Info.plist */,
			);
			path = "app-swooshUITests";
			sourceTree = "<group>";
		};
/* End PBXGroup section */

/* Begin PBXNativeTarget section */
		6E79A19D265805CD00466434 /* app-swoosh */ = {
			isa = PBXNativeTarget;
			buildConfigurationList = 6E79A1C8265805CF00466434 /* Build configuration list for PBXNativeTarget "app-swoosh" */;
			buildPhases = (
				6E79A19A265805CD00466434 /* Sources */,
				6E79A19B265805CD00466434 /* Frameworks */,
				6E79A19C265805CD00466434 /* Resources */,
			);
			buildRules = (
			);
			dependencies = (
			);
			name = "app-swoosh";
			productName = "app-swoosh";
			productReference = 6E79A19E265805CD00466434 /* app-swoosh.app */;
			productType = "com.apple.product-type.application";
		};
		6E79A1B3265805CF00466434 /* app-swooshTests */ = {
			isa = PBXNativeTarget;
			buildConfigurationList = 6E79A1CB265805CF00466434 /* Build configuration list for PBXNativeTarget "app-swooshTests" */;
			buildPhases = (
				6E79A1B0265805CF00466434 /* Sources */,
				6E79A1B1265805CF00466434 /* Frameworks */,
				6E79A1B2265805CF00466434 /* Resources */,
			);
			buildRules = (
			);
			dependencies = (
				6E79A1B6265805CF00466434 /* PBXTargetDependency */,
			);
			name = "app-swooshTests";
			productName = "app-swooshTests";
			productReference = 6E79A1B4265805CF00466434 /* app-swooshTests.xctest */;
			productType = "com.apple.product-type.bundle.unit-test";
		};
		6E79A1BE265805CF00466434 /* app-swooshUITests */ = {
			isa = PBXNativeTarget;
			buildConfigurationList = 6E79A1CE265805CF00466434 /* Build configuration list for PBXNativeTarget "app-swooshUITests" */;
			buildPhases = (
				6E79A1BB265805CF00466434 /* Sources */,
				6E79A1BC265805CF00466434 /* Frameworks */,
				6E79A1BD265805CF00466434 /* Resources */,
			);
			buildRules = (
			);
			dependencies = (
				6E79A1C1265805CF00466434 /* PBXTargetDependency */,
			);
			name = "app-swooshUITests";
			productName = "app-swooshUITests";
			productReference = 6E79A1BF265805CF00466434 /* app-swooshUITests.xctest */;
			productType = "com.apple.product-type.bundle.ui-testing";
		};
/* End PBXNativeTarget section */

/* Begin PBXProject section */
		6E79A196265805CD00466434 /* Project object */ = {
			isa = PBXProject;
			attributes = {
				LastSwiftUpdateCheck = 1250;
				LastUpgradeCheck = 1250;
				TargetAttributes = {
					6E79A19D265805CD00466434 = {
						CreatedOnToolsVersion = 12.5;
					};
					6E79A1B3265805CF00466434 = {
						CreatedOnToolsVersion = 12.5;
						TestTargetID = 6E79A19D265805CD00466434;
					};
					6E79A1BE265805CF00466434 = {
						CreatedOnToolsVersion = 12.5;
						TestTargetID = 6E79A19D265805CD00466434;
					};
				};
			};
			buildConfigurationList = 6E79A199265805CD00466434 /* Build configuration list for PBXProject "app-swoosh" */;
			compatibilityVersion = "Xcode 9.3";
			developmentRegion = en;
			hasScannedForEncodings = 0;
			knownRegions = (
				en,
				Base,
			);
			mainGroup = 6E79A195265805CD00466434;
			productRefGroup = 6E79A19F265805CD00466434 /* Products */;
			projectDirPath = "";
			projectRoot = "";
			targets = (
				6E79A19D265805CD00466434 /* app-swoosh */,
				6E79A1B3265805CF00466434 /* app-swooshTests */,
				6E79A1BE265805CF00466434 /* app-swooshUITests */,
			);
		};
/* End PBXProject section */

/* Begin PBXResourcesBuildPhase section */
		6E79A19C265805CD00466434 /* Resources */ = {
			isa = PBXResourcesBuildPhase;
			buildActionMask = 2147483647;
			files = (
				6E79A1AE265805CF00466434 /* LaunchScreen.storyboard in Resources */,
				6E79A1AB265805CF00466434 /* Assets.xcassets in Resources */,
				6E79A1A9265805CD00466434 /* Main.storyboard in Resources */,
			);
			runOnlyForDeploymentPostprocessing = 0;
		};
		6E79A1B2265805CF00466434 /* Resources */ = {
			isa = PBXResourcesBuildPhase;
			buildActionMask = 2147483647;
			files = (
			);
			runOnlyForDeploymentPostprocessing = 0;
		};
		6E79A1BD265805CF00466434 /* Resources */ = {
			isa = PBXResourcesBuildPhase;
			buildActionMask = 2147483647;
			files = (
			);
			runOnlyForDeploymentPostprocessing = 0;
		};
/* End PBXResourcesBuildPhase section */

/* Begin PBXSourcesBuildPhase section */
		6E79A19A265805CD00466434 /* Sources */ = {
			isa = PBXSourcesBuildPhase;
			buildActionMask = 2147483647;
			files = (
				6E79A1A6265805CD00466434 /* ViewController.swift in Sources */,
				6E79A1A2265805CD00466434 /* AppDelegate.swift in Sources */,
				6E79A1A4265805CD00466434 /* SceneDelegate.swift in Sources */,
			);
			runOnlyForDeploymentPostprocessing = 0;
		};
		6E79A1B0265805CF00466434 /* Sources */ = {
			isa = PBXSourcesBuildPhase;
			buildActionMask = 2147483647;
			files = (
				6E79A1B9265805CF00466434 /* app_swooshTests.swift in Sources */,
			);
			runOnlyForDeploymentPostprocessing = 0;
		};
		6E79A1BB265805CF00466434 /* Sources */ = {
			isa = PBXSourcesBuildPhase;
			buildActionMask = 2147483647;
			files = (
				6E79A1C4265805CF00466434 /* app_swooshUITests.swift in Sources */,
			);
			runOnlyForDeploymentPostprocessing = 0;
		};
/* End PBXSourcesBuildPhase section */

/* Begin PBXTargetDependency section */
		6E79A1B6265805CF00466434 /* PBXTargetDependency */ = {
			isa = PBXTargetDependency;
			target = 6E79A19D265805CD00466434 /* app-swoosh */;
			targetProxy = 6E79A1B5265805CF00466434 /* PBXContainerItemProxy */;
		};
		6E79A1C1265805CF00466434 /* PBXTargetDependency */ = {
			isa = PBXTargetDependency;
			target = 6E79A19D265805CD00466434 /* app-swoosh */;
			targetProxy = 6E79A1C0265805CF00466434 /* PBXContainerItemProxy */;
		};
/* End PBXTargetDependency section */

/* Begin PBXVariantGroup section */
		6E79A1A7265805CD00466434 /* Main.storyboard */ = {
			isa = PBXVariantGroup;
			children = (
				6E79A1A8265805CD00466434 /* Base */,
			);
			name = Main.storyboard;
			sourceTree = "<group>";
		};
		6E79A1AC265805CF00466434 /* LaunchScreen.storyboard */ = {
			isa = PBXVariantGroup;
			children = (
				6E79A1AD265805CF00466434 /* Base */,
			);
			name = LaunchScreen.storyboard;
			sourceTree = "<group>";
		};
/* End PBXVariantGroup section */

/* Begin XCBuildConfiguration section */
		6E79A1C6265805CF00466434 /* Debug */ = {
			isa = XCBuildConfiguration;
			buildSettings = {
				ALWAYS_SEARCH_USER_PATHS = NO;
				CLANG_ANALYZER_NONNULL = YES;
				CLANG_ANALYZER_NUMBER_OBJECT_CONVERSION = YES_AGGRESSIVE;
				CLANG_CXX_LANGUAGE_STANDARD = "gnu++14";
				CLANG_CXX_LIBRARY = "libc++";
				CLANG_ENABLE_MODULES = YES;
				CLANG_ENABLE_OBJC_ARC = YES;
				CLANG_ENABLE_OBJC_WEAK = YES;
				CLANG_WARN_BLOCK_CAPTURE_AUTORELEASING = YES;
				CLANG_WARN_BOOL_CONVERSION = YES;
				CLANG_WARN_COMMA = YES;
				CLANG_WARN_CONSTANT_CONVERSION = YES;
				CLANG_WARN_DEPRECATED_OBJC_IMPLEMENTATIONS = YES;
				CLANG_WARN_DIRECT_OBJC_ISA_USAGE = YES_ERROR;
				CLANG_WARN_DOCUMENTATION_COMMENTS = YES;
				CLANG_WARN_EMPTY_BODY = YES;
				CLANG_WARN_ENUM_CONVERSION = YES;
				CLANG_WARN_INFINITE_RECURSION = YES;
				CLANG_WARN_INT_CONVERSION = YES;
				CLANG_WARN_NON_LITERAL_NULL_CONVERSION = YES;
				CLANG_WARN_OBJC_IMPLICIT_RETAIN_SELF = YES;
				CLANG_WARN_OBJC_LITERAL_CONVERSION = YES;
				CLANG_WARN_OBJC_ROOT_CLASS = YES_ERROR;
				CLANG_WARN_QUOTED_INCLUDE_IN_FRAMEWORK_HEADER = YES;
				CLANG_WARN_RANGE_LOOP_ANALYSIS = YES;
				CLANG_WARN_STRICT_PROTOTYPES = YES;
				CLANG_WARN_SUSPICIOUS_MOVE = YES;
				CLANG_WARN_UNGUARDED_AVAILABILITY = YES_AGGRESSIVE;
				CLANG_WARN_UNREACHABLE_CODE = YES;
				CLANG_WARN__DUPLICATE_METHOD_MATCH = YES;
				COPY_PHASE_STRIP = NO;
				DEBUG_INFORMATION_FORMAT = dwarf;
				ENABLE_STRICT_OBJC_MSGSEND = YES;
				ENABLE_TESTABILITY = YES;
				GCC_C_LANGUAGE_STANDARD = gnu11;
				GCC_DYNAMIC_NO_PIC = NO;
				GCC_NO_COMMON_BLOCKS = YES;
				GCC_OPTIMIZATION_LEVEL = 0;
				GCC_PREPROCESSOR_DEFINITIONS = (
					"DEBUG=1",
					"$(inherited)",
				);
				GCC_WARN_64_TO_32_BIT_CONVERSION = YES;
				GCC_WARN_ABOUT_RETURN_TYPE = YES_ERROR;
				GCC_WARN_UNDECLARED_SELECTOR = YES;
				GCC_WARN_UNINITIALIZED_AUTOS = YES_AGGRESSIVE;
				GCC_WARN_UNUSED_FUNCTION = YES;
				GCC_WARN_UNUSED_VARIABLE = YES;
				IPHONEOS_DEPLOYMENT_TARGET = 14.5;
				MTL_ENABLE_DEBUG_INFO = INCLUDE_SOURCE;
				MTL_FAST_MATH = YES;
				ONLY_ACTIVE_ARCH = YES;
				SDKROOT = iphoneos;
				SWIFT_ACTIVE_COMPILATION_CONDITIONS = DEBUG;
				SWIFT_OPTIMIZATION_LEVEL = "-Onone";
			};
			name = Debug;
		};
		6E79A1C7265805CF00466434 /* Release */ = {
			isa = XCBuildConfiguration;
			buildSettings = {
				ALWAYS_SEARCH_USER_PATHS = NO;
				CLANG_ANALYZER_NONNULL = YES;
				CLANG_ANALYZER_NUMBER_OBJECT_CONVERSION = YES_AGGRESSIVE;
				CLANG_CXX_LANGUAGE_STANDARD = "gnu++14";
				CLANG_CXX_LIBRARY = "libc++";
				CLANG_ENABLE_MODULES = YES;
				CLANG_ENABLE_OBJC_ARC = YES;
				CLANG_ENABLE_OBJC_WEAK = YES;
				CLANG_WARN_BLOCK_CAPTURE_AUTORELEASING = YES;
				CLANG_WARN_BOOL_CONVERSION = YES;
				CLANG_WARN_COMMA = YES;
				CLANG_WARN_CONSTANT_CONVERSION = YES;
				CLANG_WARN_DEPRECATED_OBJC_IMPLEMENTATIONS = YES;
				CLANG_WARN_DIRECT_OBJC_ISA_USAGE = YES_ERROR;
				CLANG_WARN_DOCUMENTATION_COMMENTS = YES;
				CLANG_WARN_EMPTY_BODY = YES;
				CLANG_WARN_ENUM_CONVERSION = YES;
				CLANG_WARN_INFINITE_RECURSION = YES;
				CLANG_WARN_INT_CONVERSION = YES;
				CLANG_WARN_NON_LITERAL_NULL_CONVERSION = YES;
				CLANG_WARN_OBJC_IMPLICIT_RETAIN_SELF = YES;
				CLANG_WARN_OBJC_LITERAL_CONVERSION = YES;
				CLANG_WARN_OBJC_ROOT_CLASS = YES_ERROR;
				CLANG_WARN_QUOTED_INCLUDE_IN_FRAMEWORK_HEADER = YES;
				CLANG_WARN_RANGE_LOOP_ANALYSIS = YES;
				CLANG_WARN_STRICT_PROTOTYPES = YES;
				CLANG_WARN_SUSPICIOUS_MOVE = YES;
				CLANG_WARN_UNGUARDED_AVAILABILITY = YES_AGGRESSIVE;
				CLANG_WARN_UNREACHABLE_CODE = YES;
				CLANG_WARN__DUPLICATE_METHOD_MATCH = YES;
				COPY_PHASE_STRIP = NO;
				DEBUG_INFORMATION_FORMAT = "dwarf-with-dsym";
				ENABLE_NS_ASSERTIONS = NO;
				ENABLE_STRICT_OBJC_MSGSEND = YES;
				GCC_C_LANGUAGE_STANDARD = gnu11;
				GCC_NO_COMMON_BLOCKS = YES;
				GCC_WARN_64_TO_32_BIT_CONVERSION = YES;
				GCC_WARN_ABOUT_RETURN_TYPE = YES_ERROR;
				GCC_WARN_UNDECLARED_SELECTOR = YES;
				GCC_WARN_UNINITIALIZED_AUTOS = YES_AGGRESSIVE;
				GCC_WARN_UNUSED_FUNCTION = YES;
				GCC_WARN_UNUSED_VARIABLE = YES;
				IPHONEOS_DEPLOYMENT_TARGET = 14.5;
				MTL_ENABLE_DEBUG_INFO = NO;
				MTL_FAST_MATH = YES;
				SDKROOT = iphoneos;
				SWIFT_COMPILATION_MODE = wholemodule;
				SWIFT_OPTIMIZATION_LEVEL = "-O";
				VALIDATE_PRODUCT = YES;
			};
			name = Release;
		};
		6E79A1C9265805CF00466434 /* Debug */ = {
			isa = XCBuildConfiguration;
			buildSettings = {
				ASSETCATALOG_COMPILER_APPICON_NAME = AppIcon;
				ASSETCATALOG_COMPILER_GLOBAL_ACCENT_COLOR_NAME = AccentColor;
				CODE_SIGN_STYLE = Automatic;
				INFOPLIST_FILE = "app-swoosh/Info.plist";
				LD_RUNPATH_SEARCH_PATHS = (
					"$(inherited)",
					"@executable_path/Frameworks",
				);
				PRODUCT_BUNDLE_IDENTIFIER = "myHouse.app-swoosh";
				PRODUCT_NAME = "$(TARGET_NAME)";
				SWIFT_VERSION = 5.0;
				TARGETED_DEVICE_FAMILY = "1,2";
			};
			name = Debug;
		};
		6E79A1CA265805CF00466434 /* Release */ = {
			isa = XCBuildConfiguration;
			buildSettings = {
				ASSETCATALOG_COMPILER_APPICON_NAME = AppIcon;
				ASSETCATALOG_COMPILER_GLOBAL_ACCENT_COLOR_NAME = AccentColor;
				CODE_SIGN_STYLE = Automatic;
				INFOPLIST_FILE = "app-swoosh/Info.plist";
				LD_RUNPATH_SEARCH_PATHS = (
					"$(inherited)",
					"@executable_path/Frameworks",
				);
				PRODUCT_BUNDLE_IDENTIFIER = "myHouse.app-swoosh";
				PRODUCT_NAME = "$(TARGET_NAME)";
				SWIFT_VERSION = 5.0;
				TARGETED_DEVICE_FAMILY = "1,2";
			};
			name = Release;
		};
		6E79A1CC265805CF00466434 /* Debug */ = {
			isa = XCBuildConfiguration;
			buildSettings = {
				ALWAYS_EMBED_SWIFT_STANDARD_LIBRARIES = YES;
				BUNDLE_LOADER = "$(TEST_HOST)";
				CODE_SIGN_STYLE = Automatic;
				INFOPLIST_FILE = "app-swooshTests/Info.plist";
				IPHONEOS_DEPLOYMENT_TARGET = 14.5;
				LD_RUNPATH_SEARCH_PATHS = (
					"$(inherited)",
					"@executable_path/Frameworks",
					"@loader_path/Frameworks",
				);
				PRODUCT_BUNDLE_IDENTIFIER = "myHouse.app-swooshTests";
				PRODUCT_NAME = "$(TARGET_NAME)";
				SWIFT_VERSION = 5.0;
				TARGETED_DEVICE_FAMILY = "1,2";
				TEST_HOST = "$(BUILT_PRODUCTS_DIR)/app-swoosh.app/app-swoosh";
			};
			name = Debug;
		};
		6E79A1CD265805CF00466434 /* Release */ = {
			isa = XCBuildConfiguration;
			buildSettings = {
				ALWAYS_EMBED_SWIFT_STANDARD_LIBRARIES = YES;
				BUNDLE_LOADER = "$(TEST_HOST)";
				CODE_SIGN_STYLE = Automatic;
				INFOPLIST_FILE = "app-swooshTests/Info.plist";
				IPHONEOS_DEPLOYMENT_TARGET = 14.5;
				LD_RUNPATH_SEARCH_PATHS = (
					"$(inherited)",
					"@executable_path/Frameworks",
					"@loader_path/Frameworks",
				);
				PRODUCT_BUNDLE_IDENTIFIER = "myHouse.app-swooshTests";
				PRODUCT_NAME = "$(TARGET_NAME)";
				SWIFT_VERSION = 5.0;
				TARGETED_DEVICE_FAMILY = "1,2";
				TEST_HOST = "$(BUILT_PRODUCTS_DIR)/app-swoosh.app/app-swoosh";
			};
			name = Release;
		};
		6E79A1CF265805CF00466434 /* Debug */ = {
			isa = XCBuildConfiguration;
			buildSettings = {
				ALWAYS_EMBED_SWIFT_STANDARD_LIBRARIES = YES;
				CODE_SIGN_STYLE = Automatic;
				INFOPLIST_FILE = "app-swooshUITests/Info.plist";
				LD_RUNPATH_SEARCH_PATHS = (
					"$(inherited)",
					"@executable_path/Frameworks",
					"@loader_path/Frameworks",
				);
				PRODUCT_BUNDLE_IDENTIFIER = "myHouse.app-swooshUITests";
				PRODUCT_NAME = "$(TARGET_NAME)";
				SWIFT_VERSION = 5.0;
				TARGETED_DEVICE_FAMILY = "1,2";
				TEST_TARGET_NAME = "app-swoosh";
			};
			name = Debug;
		};
		6E79A1D0265805CF00466434 /* Release */ = {
			isa = XCBuildConfiguration;
			buildSettings = {
				ALWAYS_EMBED_SWIFT_STANDARD_LIBRARIES = YES;
				CODE_SIGN_STYLE = Automatic;
				INFOPLIST_FILE = "app-swooshUITests/Info.plist";
				LD_RUNPATH_SEARCH_PATHS = (
					"$(inherited)",
					"@executable_path/Frameworks",
					"@loader_path/Frameworks",
				);
				PRODUCT_BUNDLE_IDENTIFIER = "myHouse.app-swooshUITests";
				PRODUCT_NAME = "$(TARGET_NAME)";
				SWIFT_VERSION = 5.0;
				TARGETED_DEVICE_FAMILY = "1,2";
				TEST_TARGET_NAME = "app-swoosh";
			};
			name = Release;
		};
/* End XCBuildConfiguration section */

/* Begin XCConfigurationList section */
		6E79A199265805CD00466434 /* Build configuration list for PBXProject "app-swoosh" */ = {
			isa = XCConfigurationList;
			buildConfigurations = (
				6E79A1C6265805CF00466434 /* Debug */,
				6E79A1C7265805CF00466434 /* Release */,
			);
			defaultConfigurationIsVisible = 0;
			defaultConfigurationName = Release;
		};
		6E79A1C8265805CF00466434 /* Build configuration list for PBXNativeTarget "app-swoosh" */ = {
			isa = XCConfigurationList;
			buildConfigurations = (
				6E79A1C9265805CF00466434 /* Debug */,
				6E79A1CA265805CF00466434 /* Release */,
			);
			defaultConfigurationIsVisible = 0;
			defaultConfigurationName = Release;
		};
		6E79A1CB265805CF00466434 /* Build configuration list for PBXNativeTarget "app-swooshTests" */ = {
			isa = XCConfigurationList;
			buildConfigurations = (
				6E79A1CC265805CF00466434 /* Debug */,
				6E79A1CD265805CF00466434 /* Release */,
			);
			defaultConfigurationIsVisible = 0;
			defaultConfigurationName = Release;
		};
		6E79A1CE265805CF00466434 /* Build configuration list for PBXNativeTarget "app-swooshUITests" */ = {
			isa = XCConfigurationList;
			buildConfigurations = (
				6E79A1CF265805CF00466434 /* Debug */,
				6E79A1D0265805CF00466434 /* Release */,
			);
			defaultConfigurationIsVisible = 0;
			defaultConfigurationName = Release;
		};
/* End XCConfigurationList section */
	};
	rootObject = 6E79A196265805CD00466434 /* Project object */;
}
